
Microsoft Visual Studio Solution File, Format Version 12.00
# Visual Studio Version 16
VisualStudioVersion = 16.0.31424.327
MinimumVisualStudioVersion = 10.0.40219.1
Project("{FAE04EC0-301F-11D3-BF4B-00C04F79EFBC}") = "Ejemplo Multithreads", "Ejemplo Multithreads\Ejemplo Multithreads.csproj", "{26180FEF-3B2F-4132-99C8-185A51BA903A}"
EndProject
Global
	GlobalSection(SolutionConfigurationPlatforms) = preSolution
		Debug|Any CPU = Debug|Any CPU
		Release|Any CPU = Release|Any CPU
	EndGlobalSection
	GlobalSection(ProjectConfigurationPlatforms) = postSolution
		{26180FEF-3B2F-4132-99C8-185A51BA903A}.Debug|Any CPU.ActiveCfg = Debug|Any CPU
		{26180FEF-3B2F-4132-99C8-185A51BA903A}.Debug|Any CPU.Build.0 = Debug|Any CPU
		{26180FEF-3B2F-4132-99C8-185A51BA903A}.Release|Any CPU.ActiveCfg = Release|Any CPU
		{26180FEF-3B2F-4132-99C8-185A51BA903A}.Release|Any CPU.Build.0 = Release|Any CPU
	EndGlobalSection
	GlobalSection(SolutionProperties) = preSolution
		HideSolutionNode = FALSE
	EndGlobalSection
	GlobalSection(ExtensibilityGlobals) = postSolution
		SolutionGuid = {1C2AFB75-07CE-4D63-8386-D3BD2A8796C7}
	EndGlobalSection
EndGlobal
